
Microsoft Visual Studio Solution File, Format Version 12.00
# Visual Studio Version 17
VisualStudioVersion = 17.3.32922.545
MinimumVisualStudioVersion = 10.0.40219.1
Project("{FAE04EC0-301F-11D3-BF4B-00C04F79EFBC}") = "testLoggers", "testLoggers\testLoggers.csproj", "{FA79189C-BC8A-4A94-A8FC-2EAF8CBC7FBA}"
EndProject
Global
	GlobalSection(SolutionConfigurationPlatforms) = preSolution
		Debug|Any CPU = Debug|Any CPU
		Release|Any CPU = Release|Any CPU
	EndGlobalSection
	GlobalSection(ProjectConfigurationPlatforms) = postSolution
		{FA79189C-BC8A-4A94-A8FC-2EAF8CBC7FBA}.Debug|Any CPU.ActiveCfg = Debug|Any CPU
		{FA79189C-BC8A-4A94-A8FC-2EAF8CBC7FBA}.Debug|Any CPU.Build.0 = Debug|Any CPU
		{FA79189C-BC8A-4A94-A8FC-2EAF8CBC7FBA}.Release|Any CPU.ActiveCfg = Release|Any CPU
		{FA79189C-BC8A-4A94-A8FC-2EAF8CBC7FBA}.Release|Any CPU.Build.0 = Release|Any CPU
	EndGlobalSection
	GlobalSection(SolutionProperties) = preSolution
		HideSolutionNode = FALSE
	EndGlobalSection
	GlobalSection(ExtensibilityGlobals) = postSolution
		SolutionGuid = {76294F2E-2015-47EE-B82E-55542A76AEB9}
	EndGlobalSection
EndGlobal
